version = 1
revision = 3
requires-python = ">=3.14"

[[package]]
name = "karburetor"
version = "0.1.0"
source = { editable = "." }
dependencies = [
    { name = "pycountry" },
    { name = "pysocks" },
    { name = "socks" },
    { name = "stem" },
]

[package.metadata]
requires-dist = [
    { name = "pycountry", specifier = ">=26.2.16" },
    { name = "pysocks", specifier = ">=1.7.1" },
    { name = "socks", specifier = ">=0" },
    { name = "stem", specifier = ">=1.8.2" },
]

[[package]]
name = "pycountry"
version = "26.2.16"
source = { registry = "https://pypi.org/simple" }
sdist = { url = "https://files.pythonhosted.org/packages/de/1d/061b9e7a48b85cfd69f33c33d2ef784a531c359399ad764243399673c8f5/pycountry-26.2.16.tar.gz", hash = "sha256:5b6027d453fcd6060112b951dd010f01f168b51b4bf8a1f1fc8c95c8d94a0801", size = 7711342, upload-time = "2026-02-17T03:42:52.367Z" }
wheels = [
    { url = "https://files.pythonhosted.org/packages/9c/42/7703bd45b62fecd44cd7d3495423097e2f7d28bc2e99e7c1af68892ab157/pycountry-26.2.16-py3-none-any.whl", hash = "sha256:115c4baf7cceaa30f59a4694d79483c9167dbce7a9de4d3d571c5f3ea77c305a", size = 8044600, upload-time = "2026-02-17T03:42:49.777Z" },
]

[[package]]
name = "pysocks"
version = "1.7.1"
source = { registry = "https://pypi.org/simple" }
sdist = { url = "https://files.pythonhosted.org/packages/bd/11/293dd436aea955d45fc4e8a35b6ae7270f5b8e00b53cf6c024c83b657a11/PySocks-1.7.1.tar.gz", hash = "sha256:3f8804571ebe159c380ac6de37643bb4685970655d3bba243530d6558b799aa0", size = 284429, upload-time = "2019-09-20T02:07:35.714Z" }
wheels = [
    { url = "https://files.pythonhosted.org/packages/8d/59/b4572118e098ac8e46e399a1dd0f2d85403ce8bbaad9ec79373ed6badaf9/PySocks-1.7.1-py3-none-any.whl", hash = "sha256:2725bd0a9925919b9b51739eea5f9e2bae91e83288108a9ad338b2e3a4435ee5", size = 16725, upload-time = "2019-09-20T02:06:22.938Z" },
]

[[package]]
name = "socks"
version = "0"
source = { registry = "https://pypi.org/simple" }
sdist = { url = "https://files.pythonhosted.org/packages/3b/a3/2192084c11c90df6947635a06181f5c1f9df94ae71be1808f4df91579640/socks-0.tar.gz", hash = "sha256:727e9b4620730601c0360a00c7f4ae26295146c0a91af173bd155cc991edf765", size = 618, upload-time = "2019-09-20T20:25:45.064Z" }

[[package]]
name = "stem"
version = "1.8.2"
source = { registry = "https://pypi.org/simple" }
sdist = { url = "https://files.pythonhosted.org/packages/94/c6/b2258155546f966744e78b9862f62bd2b8671b422bb9951a1330e4c8fd73/stem-1.8.2.tar.gz", hash = "sha256:83fb19ffd4c9f82207c006051480389f80af221a7e4783000aedec4e384eb582", size = 2859640, upload-time = "2023-06-06T06:37:21.251Z" }
